// !$*UTF8*$!
{
	archiveVersion = 1;
	classes = {
	};
	objectVersion = 77;
	objects = {

/* Begin PBXContainerItemProxy section */
		6E6906152CAB3DDA002EC18B /* PBXContainerItemProxy */ = {
			isa = PBXContainerItemProxy;
			containerPortal = 6E6905F62CAB3DD9002EC18B /* Project object */;
			proxyType = 1;
			remoteGlobalIDString = 6E6905FD2CAB3DD9002EC18B;
			remoteInfo = DataPopulation;
		};
		6E69061F2CAB3DDA002EC18B /* PBXContainerItemProxy */ = {
			isa = PBXContainerItemProxy;
			containerPortal = 6E6905F62CAB3DD9002EC18B /* Project object */;
			proxyType = 1;
			remoteGlobalIDString = 6E6905FD2CAB3DD9002EC18B;
			remoteInfo = DataPopulation;
		};
/* End PBXContainerItemProxy section */

/* Begin PBXFileReference section */
		6E6905FE2CAB3DD9002EC18B /* DataPopulation.app */ = {isa = PBXFileReference; explicitFileType = wrapper.application; includeInIndex = 0; path = DataPopulation.app; sourceTree = BUILT_PRODUCTS_DIR; };
		6E6906142CAB3DDA002EC18B /* DataPopulationTests.xctest */ = {isa = PBXFileReference; explicitFileType = wrapper.cfbundle; includeInIndex = 0; path = DataPopulationTests.xctest; sourceTree = BUILT_PRODUCTS_DIR; };
		6E69061E2CAB3DDA002EC18B /* DataPopulationUITests.xctest */ = {isa = PBXFileReference; explicitFileType = wrapper.cfbundle; includeInIndex = 0; path = DataPopulationUITests.xctest; sourceTree = BUILT_PRODUCTS_DIR; };
/* End PBXFileReference section */

/* Begin PBXFileSystemSynchronizedBuildFileExceptionSet section */
		6E6906262CAB3DDA002EC18B /* Exceptions for "DataPopulation" folder in "DataPopulation" target */ = {
			isa = PBXFileSystemSynchronizedBuildFileExceptionSet;
			membershipExceptions = (
				Info.plist,
			);
			target = 6E6905FD2CAB3DD9002EC18B /* DataPopulation */;
		};
/* End PBXFileSystemSynchronizedBuildFileExceptionSet section */

/* Begin PBXFileSystemSynchronizedRootGroup section */
		6E6906002CAB3DD9002EC18B /* DataPopulation */ = {
			isa = PBXFileSystemSynchronizedRootGroup;
			exceptions = (
				6E6906262CAB3DDA002EC18B /* Exceptions for "DataPopulation" folder in "DataPopulation" target */,
			);
			path = DataPopulation;
			sourceTree = "<group>";
		};
		6E6906172CAB3DDA002EC18B /* DataPopulationTests */ = {
			isa = PBXFileSystemSynchronizedRootGroup;
			path = DataPopulationTests;
			sourceTree = "<group>";
		};
		6E6906212CAB3DDA002EC18B /* DataPopulationUITests */ = {
			isa = PBXFileSystemSynchronizedRootGroup;
			path = DataPopulationUITests;
			sourceTree = "<group>";
		};
/* End PBXFileSystemSynchronizedRootGroup section */

/* Begin PBXFrameworksBuildPhase section */
		6E6905FB2CAB3DD9002EC18B /* Frameworks */ = {
			isa = PBXFrameworksBuildPhase;
			buildActionMask = 2147483647;
			files = (
			);
			runOnlyForDeploymentPostprocessing = 0;
		};
		6E6906112CAB3DDA002EC18B /* Frameworks */ = {
			isa = PBXFrameworksBuildPhase;
			buildActionMask = 2147483647;
			files = (
			);
			runOnlyForDeploymentPostprocessing = 0;
		};
		6E69061B2CAB3DDA002EC18B /* Frameworks */ = {
			isa = PBXFrameworksBuildPhase;
			buildActionMask = 2147483647;
			files = (
			);
			runOnlyForDeploymentPostprocessing = 0;
		};
/* End PBXFrameworksBuildPhase section */

/* Begin PBXGroup section */
		6E6905F52CAB3DD9002EC18B = {
			isa = PBXGroup;
			children = (
				6E6906002CAB3DD9002EC18B /* DataPopulation */,
				6E6906172CAB3DDA002EC18B /* DataPopulationTests */,
				6E6906212CAB3DDA002EC18B /* DataPopulationUITests */,
				6E6905FF2CAB3DD9002EC18B /* Products */,
			);
			sourceTree = "<group>";
		};
		6E6905FF2CAB3DD9002EC18B /* Products */ = {
			isa = PBXGroup;
			children = (
				6E6905FE2CAB3DD9002EC18B /* DataPopulation.app */,
				6E6906142CAB3DDA002EC18B /* DataPopulationTests.xctest */,
				6E69061E2CAB3DDA002EC18B /* DataPopulationUITests.xctest */,
			);
			name = Products;
			sourceTree = "<group>";
		};
/* End PBXGroup section */

/* Begin PBXNativeTarget section */
		6E6905FD2CAB3DD9002EC18B /* DataPopulation */ = {
			isa = PBXNativeTarget;
			buildConfigurationList = 6E6906272CAB3DDA002EC18B /* Build configuration list for PBXNativeTarget "DataPopulation" */;
			buildPhases = (
				6E6905FA2CAB3DD9002EC18B /* Sources */,
				6E6905FB2CAB3DD9002EC18B /* Frameworks */,
				6E6905FC2CAB3DD9002EC18B /* Resources */,
			);
			buildRules = (
			);
			dependencies = (
			);
			fileSystemSynchronizedGroups = (
				6E6906002CAB3DD9002EC18B /* DataPopulation */,
			);
			name = DataPopulation;
			packageProductDependencies = (
			);
			productName = DataPopulation;
			productReference = 6E6905FE2CAB3DD9002EC18B /* DataPopulation.app */;
			productType = "com.apple.product-type.application";
		};
		6E6906132CAB3DDA002EC18B /* DataPopulationTests */ = {
			isa = PBXNativeTarget;
			buildConfigurationList = 6E69062C2CAB3DDA002EC18B /* Build configuration list for PBXNativeTarget "DataPopulationTests" */;
			buildPhases = (
				6E6906102CAB3DDA002EC18B /* Sources */,
				6E6906112CAB3DDA002EC18B /* Frameworks */,
				6E6906122CAB3DDA002EC18B /* Resources */,
			);
			buildRules = (
			);
			dependencies = (
				6E6906162CAB3DDA002EC18B /* PBXTargetDependency */,
			);
			fileSystemSynchronizedGroups = (
				6E6906172CAB3DDA002EC18B /* DataPopulationTests */,
			);
			name = DataPopulationTests;
			packageProductDependencies = (
			);
			productName = DataPopulationTests;
			productReference = 6E6906142CAB3DDA002EC18B /* DataPopulationTests.xctest */;
			productType = "com.apple.product-type.bundle.unit-test";
		};
		6E69061D2CAB3DDA002EC18B /* DataPopulationUITests */ = {
			isa = PBXNativeTarget;
			buildConfigurationList = 6E69062F2CAB3DDA002EC18B /* Build configuration list for PBXNativeTarget "DataPopulationUITests" */;
			buildPhases = (
				6E69061A2CAB3DDA002EC18B /* Sources */,
				6E69061B2CAB3DDA002EC18B /* Frameworks */,
				6E69061C2CAB3DDA002EC18B /* Resources */,
			);
			buildRules = (
			);
			dependencies = (
				6E6906202CAB3DDA002EC18B /* PBXTargetDependency */,
			);
			fileSystemSynchronizedGroups = (
				6E6906212CAB3DDA002EC18B /* DataPopulationUITests */,
			);
			name = DataPopulationUITests;
			packageProductDependencies = (
			);
			productName = DataPopulationUITests;
			productReference = 6E69061E2CAB3DDA002EC18B /* DataPopulationUITests.xctest */;
			productType = "com.apple.product-type.bundle.ui-testing";
		};
/* End PBXNativeTarget section */

/* Begin PBXProject section */
		6E6905F62CAB3DD9002EC18B /* Project object */ = {
			isa = PBXProject;
			attributes = {
				BuildIndependentTargetsInParallel = 1;
				LastSwiftUpdateCheck = 1600;
				LastUpgradeCheck = 1600;
				TargetAttributes = {
					6E6905FD2CAB3DD9002EC18B = {
						CreatedOnToolsVersion = 16.0;
					};
					6E6906132CAB3DDA002EC18B = {
						CreatedOnToolsVersion = 16.0;
						TestTargetID = 6E6905FD2CAB3DD9002EC18B;
					};
					6E69061D2CAB3DDA002EC18B = {
						CreatedOnToolsVersion = 16.0;
						TestTargetID = 6E6905FD2CAB3DD9002EC18B;
					};
				};
			};
			buildConfigurationList = 6E6905F92CAB3DD9002EC18B /* Build configuration list for PBXProject "DataPopulation" */;
			developmentRegion = en;
			hasScannedForEncodings = 0;
			knownRegions = (
				en,
				Base,
			);
			mainGroup = 6E6905F52CAB3DD9002EC18B;
			minimizedProjectReferenceProxies = 1;
			preferredProjectObjectVersion = 77;
			productRefGroup = 6E6905FF2CAB3DD9002EC18B /* Products */;
			projectDirPath = "";
			projectRoot = "";
			targets = (
				6E6905FD2CAB3DD9002EC18B /* DataPopulation */,
				6E6906132CAB3DDA002EC18B /* DataPopulationTests */,
				6E69061D2CAB3DDA002EC18B /* DataPopulationUITests */,
			);
		};
/* End PBXProject section */

/* Begin PBXResourcesBuildPhase section */
		6E6905FC2CAB3DD9002EC18B /* Resources */ = {
			isa = PBXResourcesBuildPhase;
			buildActionMask = 2147483647;
			files = (
			);
			runOnlyForDeploymentPostprocessing = 0;
		};
		6E6906122CAB3DDA002EC18B /* Resources */ = {
			isa = PBXResourcesBuildPhase;
			buildActionMask = 2147483647;
			files = (
			);
			runOnlyForDeploymentPostprocessing = 0;
		};
		6E69061C2CAB3DDA002EC18B /* Resources */ = {
			isa = PBXResourcesBuildPhase;
			buildActionMask = 2147483647;
			files = (
			);
			runOnlyForDeploymentPostprocessing = 0;
		};
/* End PBXResourcesBuildPhase section */

/* Begin PBXSourcesBuildPhase section */
		6E6905FA2CAB3DD9002EC18B /* Sources */ = {
			isa = PBXSourcesBuildPhase;
			buildActionMask = 2147483647;
			files = (
			);
			runOnlyForDeploymentPostprocessing = 0;
		};
		6E6906102CAB3DDA002EC18B /* Sources */ = {
			isa = PBXSourcesBuildPhase;
			buildActionMask = 2147483647;
			files = (
			);
			runOnlyForDeploymentPostprocessing = 0;
		};
		6E69061A2CAB3DDA002EC18B /* Sources */ = {
			isa = PBXSourcesBuildPhase;
			buildActionMask = 2147483647;
			files = (
			);
			runOnlyForDeploymentPostprocessing = 0;
		};
/* End PBXSourcesBuildPhase section */

/* Begin PBXTargetDependency section */
		6E6906162CAB3DDA002EC18B /* PBXTargetDependency */ = {
			isa = PBXTargetDependency;
			target = 6E6905FD2CAB3DD9002EC18B /* DataPopulation */;
			targetProxy = 6E6906152CAB3DDA002EC18B /* PBXContainerItemProxy */;
		};
		6E6906202CAB3DDA002EC18B /* PBXTargetDependency */ = {
			isa = PBXTargetDependency;
			target = 6E6905FD2CAB3DD9002EC18B /* DataPopulation */;
			targetProxy = 6E69061F2CAB3DDA002EC18B /* PBXContainerItemProxy */;
		};
/* End PBXTargetDependency section */

/* Begin XCBuildConfiguration section */
		6E6906282CAB3DDA002EC18B /* Debug */ = {
			isa = XCBuildConfiguration;
			buildSettings = {
				ASSETCATALOG_COMPILER_APPICON_NAME = AppIcon;
				ASSETCATALOG_COMPILER_GLOBAL_ACCENT_COLOR_NAME = AccentColor;
				CODE_SIGN_STYLE = Automatic;
				CURRENT_PROJECT_VERSION = 1;
				GENERATE_INFOPLIST_FILE = YES;
				INFOPLIST_FILE = DataPopulation/Info.plist;
				INFOPLIST_KEY_UIApplicationSupportsIndirectInputEvents = YES;
				INFOPLIST_KEY_UILaunchStoryboardName = LaunchScreen;
				INFOPLIST_KEY_UIMainStoryboardFile = Main;
				INFOPLIST_KEY_UISupportedInterfaceOrientations_iPad = "UIInterfaceOrientationPortrait UIInterfaceOrientationPortraitUpsideDown UIInterfaceOrientationLandscapeLeft UIInterfaceOrientationLandscapeRight";
				INFOPLIST_KEY_UISupportedInterfaceOrientations_iPhone = "UIInterfaceOrientationPortrait UIInterfaceOrientationLandscapeLeft UIInterfaceOrientationLandscapeRight";
				IPHONEOS_DEPLOYMENT_TARGET = 17.6;
				LD_RUNPATH_SEARCH_PATHS = (
					"$(inherited)",
					"@executable_path/Frameworks",
				);
				MARKETING_VERSION = 1.0;
				PRODUCT_BUNDLE_IDENTIFIER = vlouro.DataPopulation;
				PRODUCT_NAME = "$(TARGET_NAME)";
				SWIFT_EMIT_LOC_STRINGS = YES;
				SWIFT_VERSION = 5.0;
				TARGETED_DEVICE_FAMILY = "1,2";
			};
			name = Debug;
		};
		6E6906292CAB3DDA002EC18B /* Release */ = {
			isa = XCBuildConfiguration;
			buildSettings = {
				ASSETCATALOG_COMPILER_APPICON_NAME = AppIcon;
				ASSETCATALOG_COMPILER_GLOBAL_ACCENT_COLOR_NAME = AccentColor;
				CODE_SIGN_STYLE = Automatic;
				CURRENT_PROJECT_VERSION = 1;
				GENERATE_INFOPLIST_FILE = YES;
				INFOPLIST_FILE = DataPopulation/Info.plist;
				INFOPLIST_KEY_UIApplicationSupportsIndirectInputEvents = YES;
				INFOPLIST_KEY_UILaunchStoryboardName = LaunchScreen;
				INFOPLIST_KEY_UIMainStoryboardFile = Main;
				INFOPLIST_KEY_UISupportedInterfaceOrientations_iPad = "UIInterfaceOrientationPortrait UIInterfaceOrientationPortraitUpsideDown UIInterfaceOrientationLandscapeLeft UIInterfaceOrientationLandscapeRight";
				INFOPLIST_KEY_UISupportedInterfaceOrientations_iPhone = "UIInterfaceOrientationPortrait UIInterfaceOrientationLandscapeLeft UIInterfaceOrientationLandscapeRight";
				IPHONEOS_DEPLOYMENT_TARGET = 17.6;
				LD_RUNPATH_SEARCH_PATHS = (
					"$(inherited)",
					"@executable_path/Frameworks",
				);
				MARKETING_VERSION = 1.0;
				PRODUCT_BUNDLE_IDENTIFIER = vlouro.DataPopulation;
				PRODUCT_NAME = "$(TARGET_NAME)";
				SWIFT_EMIT_LOC_STRINGS = YES;
				SWIFT_VERSION = 5.0;
				TARGETED_DEVICE_FAMILY = "1,2";
			};
			name = Release;
		};
		6E69062A2CAB3DDA002EC18B /* Debug */ = {
			isa = XCBuildConfiguration;
			buildSettings = {
				ALWAYS_SEARCH_USER_PATHS = NO;
				ASSETCATALOG_COMPILER_GENERATE_SWIFT_ASSET_SYMBOL_EXTENSIONS = YES;
				CLANG_ANALYZER_NONNULL = YES;
				CLANG_ANALYZER_NUMBER_OBJECT_CONVERSION = YES_AGGRESSIVE;
				CLANG_CXX_LANGUAGE_STANDARD = "gnu++20";
				CLANG_ENABLE_MODULES = YES;
				CLANG_ENABLE_OBJC_ARC = YES;
				CLANG_ENABLE_OBJC_WEAK = YES;
				CLANG_WARN_BLOCK_CAPTURE_AUTORELEASING = YES;
				CLANG_WARN_BOOL_CONVERSION = YES;
				CLANG_WARN_COMMA = YES;
				CLANG_WARN_CONSTANT_CONVERSION = YES;
				CLANG_WARN_DEPRECATED_OBJC_IMPLEMENTATIONS = YES;
				CLANG_WARN_DIRECT_OBJC_ISA_USAGE = YES_ERROR;
				CLANG_WARN_DOCUMENTATION_COMMENTS = YES;
				CLANG_WARN_EMPTY_BODY = YES;
				CLANG_WARN_ENUM_CONVERSION = YES;
				CLANG_WARN_INFINITE_RECURSION = YES;
				CLANG_WARN_INT_CONVERSION = YES;
				CLANG_WARN_NON_LITERAL_NULL_CONVERSION = YES;
				CLANG_WARN_OBJC_IMPLICIT_RETAIN_SELF = YES;
				CLANG_WARN_OBJC_LITERAL_CONVERSION = YES;
				CLANG_WARN_OBJC_ROOT_CLASS = YES_ERROR;
				CLANG_WARN_QUOTED_INCLUDE_IN_FRAMEWORK_HEADER = YES;
				CLANG_WARN_RANGE_LOOP_ANALYSIS = YES;
				CLANG_WARN_STRICT_PROTOTYPES = YES;
				CLANG_WARN_SUSPICIOUS_MOVE = YES;
				CLANG_WARN_UNGUARDED_AVAILABILITY = YES_AGGRESSIVE;
				CLANG_WARN_UNREACHABLE_CODE = YES;
				CLANG_WARN__DUPLICATE_METHOD_MATCH = YES;
				COPY_PHASE_STRIP = NO;
				DEBUG_INFORMATION_FORMAT = dwarf;
				ENABLE_STRICT_OBJC_MSGSEND = YES;
				ENABLE_TESTABILITY = YES;
				ENABLE_USER_SCRIPT_SANDBOXING = YES;
				GCC_C_LANGUAGE_STANDARD = gnu17;
				GCC_DYNAMIC_NO_PIC = NO;
				GCC_NO_COMMON_BLOCKS = YES;
				GCC_OPTIMIZATION_LEVEL = 0;
				GCC_PREPROCESSOR_DEFINITIONS = (
					"DEBUG=1",
					"$(inherited)",
				);
				GCC_WARN_64_TO_32_BIT_CONVERSION = YES;
				GCC_WARN_ABOUT_RETURN_TYPE = YES_ERROR;
				GCC_WARN_UNDECLARED_SELECTOR = YES;
				GCC_WARN_UNINITIALIZED_AUTOS = YES_AGGRESSIVE;
				GCC_WARN_UNUSED_FUNCTION = YES;
				GCC_WARN_UNUSED_VARIABLE = YES;
				IPHONEOS_DEPLOYMENT_TARGET = 18.0;
				LOCALIZATION_PREFERS_STRING_CATALOGS = YES;
				MTL_ENABLE_DEBUG_INFO = INCLUDE_SOURCE;
				MTL_FAST_MATH = YES;
				ONLY_ACTIVE_ARCH = YES;
				SDKROOT = iphoneos;
				SWIFT_ACTIVE_COMPILATION_CONDITIONS = "DEBUG $(inherited)";
				SWIFT_OPTIMIZATION_LEVEL = "-Onone";
			};
			name = Debug;
		};
		6E69062B2CAB3DDA002EC18B /* Release */ = {
			isa = XCBuildConfiguration;
			buildSettings = {
				ALWAYS_SEARCH_USER_PATHS = NO;
				ASSETCATALOG_COMPILER_GENERATE_SWIFT_ASSET_SYMBOL_EXTENSIONS = YES;
				CLANG_ANALYZER_NONNULL = YES;
				CLANG_ANALYZER_NUMBER_OBJECT_CONVERSION = YES_AGGRESSIVE;
				CLANG_CXX_LANGUAGE_STANDARD = "gnu++20";
				CLANG_ENABLE_MODULES = YES;
				CLANG_ENABLE_OBJC_ARC = YES;
				CLANG_ENABLE_OBJC_WEAK = YES;
				CLANG_WARN_BLOCK_CAPTURE_AUTORELEASING = YES;
				CLANG_WARN_BOOL_CONVERSION = YES;
				CLANG_WARN_COMMA = YES;
				CLANG_WARN_CONSTANT_CONVERSION = YES;
				CLANG_WARN_DEPRECATED_OBJC_IMPLEMENTATIONS = YES;
				CLANG_WARN_DIRECT_OBJC_ISA_USAGE = YES_ERROR;
				CLANG_WARN_DOCUMENTATION_COMMENTS = YES;
				CLANG_WARN_EMPTY_BODY = YES;
				CLANG_WARN_ENUM_CONVERSION = YES;
				CLANG_WARN_INFINITE_RECURSION = YES;
				CLANG_WARN_INT_CONVERSION = YES;
				CLANG_WARN_NON_LITERAL_NULL_CONVERSION = YES;
				CLANG_WARN_OBJC_IMPLICIT_RETAIN_SELF = YES;
				CLANG_WARN_OBJC_LITERAL_CONVERSION = YES;
				CLANG_WARN_OBJC_ROOT_CLASS = YES_ERROR;
				CLANG_WARN_QUOTED_INCLUDE_IN_FRAMEWORK_HEADER = YES;
				CLANG_WARN_RANGE_LOOP_ANALYSIS = YES;
				CLANG_WARN_STRICT_PROTOTYPES = YES;
				CLANG_WARN_SUSPICIOUS_MOVE = YES;
				CLANG_WARN_UNGUARDED_AVAILABILITY = YES_AGGRESSIVE;
				CLANG_WARN_UNREACHABLE_CODE = YES;
				CLANG_WARN__DUPLICATE_METHOD_MATCH = YES;
				COPY_PHASE_STRIP = NO;
				DEBUG_INFORMATION_FORMAT = "dwarf-with-dsym";
				ENABLE_NS_ASSERTIONS = NO;
				ENABLE_STRICT_OBJC_MSGSEND = YES;
				ENABLE_USER_SCRIPT_SANDBOXING = YES;
				GCC_C_LANGUAGE_STANDARD = gnu17;
				GCC_NO_COMMON_BLOCKS = YES;
				GCC_WARN_64_TO_32_BIT_CONVERSION = YES;
				GCC_WARN_ABOUT_RETURN_TYPE = YES_ERROR;
				GCC_WARN_UNDECLARED_SELECTOR = YES;
				GCC_WARN_UNINITIALIZED_AUTOS = YES_AGGRESSIVE;
				GCC_WARN_UNUSED_FUNCTION = YES;
				GCC_WARN_UNUSED_VARIABLE = YES;
				IPHONEOS_DEPLOYMENT_TARGET = 18.0;
				LOCALIZATION_PREFERS_STRING_CATALOGS = YES;
				MTL_ENABLE_DEBUG_INFO = NO;
				MTL_FAST_MATH = YES;
				SDKROOT = iphoneos;
				SWIFT_COMPILATION_MODE = wholemodule;
				VALIDATE_PRODUCT = YES;
			};
			name = Release;
		};
		6E69062D2CAB3DDA002EC18B /* Debug */ = {
			isa = XCBuildConfiguration;
			buildSettings = {
				BUNDLE_LOADER = "$(TEST_HOST)";
				CODE_SIGN_STYLE = Automatic;
				CURRENT_PROJECT_VERSION = 1;
				GENERATE_INFOPLIST_FILE = YES;
				IPHONEOS_DEPLOYMENT_TARGET = 17.6;
				MARKETING_VERSION = 1.0;
				PRODUCT_BUNDLE_IDENTIFIER = vlouro.DataPopulationTests;
				PRODUCT_NAME = "$(TARGET_NAME)";
				SWIFT_EMIT_LOC_STRINGS = NO;
				SWIFT_VERSION = 5.0;
				TARGETED_DEVICE_FAMILY = "1,2";
				TEST_HOST = "$(BUILT_PRODUCTS_DIR)/DataPopulation.app/$(BUNDLE_EXECUTABLE_FOLDER_PATH)/DataPopulation";
			};
			name = Debug;
		};
		6E69062E2CAB3DDA002EC18B /* Release */ = {
			isa = XCBuildConfiguration;
			buildSettings = {
				BUNDLE_LOADER = "$(TEST_HOST)";
				CODE_SIGN_STYLE = Automatic;
				CURRENT_PROJECT_VERSION = 1;
				GENERATE_INFOPLIST_FILE = YES;
				IPHONEOS_DEPLOYMENT_TARGET = 17.6;
				MARKETING_VERSION = 1.0;
				PRODUCT_BUNDLE_IDENTIFIER = vlouro.DataPopulationTests;
				PRODUCT_NAME = "$(TARGET_NAME)";
				SWIFT_EMIT_LOC_STRINGS = NO;
				SWIFT_VERSION = 5.0;
				TARGETED_DEVICE_FAMILY = "1,2";
				TEST_HOST = "$(BUILT_PRODUCTS_DIR)/DataPopulation.app/$(BUNDLE_EXECUTABLE_FOLDER_PATH)/DataPopulation";
			};
			name = Release;
		};
		6E6906302CAB3DDA002EC18B /* Debug */ = {
			isa = XCBuildConfiguration;
			buildSettings = {
				CODE_SIGN_STYLE = Automatic;
				CURRENT_PROJECT_VERSION = 1;
				GENERATE_INFOPLIST_FILE = YES;
				IPHONEOS_DEPLOYMENT_TARGET = 17.6;
				MARKETING_VERSION = 1.0;
				PRODUCT_BUNDLE_IDENTIFIER = vlouro.DataPopulationUITests;
				PRODUCT_NAME = "$(TARGET_NAME)";
				SWIFT_EMIT_LOC_STRINGS = NO;
				SWIFT_VERSION = 5.0;
				TARGETED_DEVICE_FAMILY = "1,2";
				TEST_TARGET_NAME = DataPopulation;
			};
			name = Debug;
		};
		6E6906312CAB3DDA002EC18B /* Release */ = {
			isa = XCBuildConfiguration;
			buildSettings = {
				CODE_SIGN_STYLE = Automatic;
				CURRENT_PROJECT_VERSION = 1;
				GENERATE_INFOPLIST_FILE = YES;
				IPHONEOS_DEPLOYMENT_TARGET = 17.6;
				MARKETING_VERSION = 1.0;
				PRODUCT_BUNDLE_IDENTIFIER = vlouro.DataPopulationUITests;
				PRODUCT_NAME = "$(TARGET_NAME)";
				SWIFT_EMIT_LOC_STRINGS = NO;
				SWIFT_VERSION = 5.0;
				TARGETED_DEVICE_FAMILY = "1,2";
				TEST_TARGET_NAME = DataPopulation;
			};
			name = Release;
		};
/* End XCBuildConfiguration section */

/* Begin XCConfigurationList section */
		6E6905F92CAB3DD9002EC18B /* Build configuration list for PBXProject "DataPopulation" */ = {
			isa = XCConfigurationList;
			buildConfigurations = (
				6E69062A2CAB3DDA002EC18B /* Debug */,
				6E69062B2CAB3DDA002EC18B /* Release */,
			);
			defaultConfigurationIsVisible = 0;
			defaultConfigurationName = Release;
		};
		6E6906272CAB3DDA002EC18B /* Build configuration list for PBXNativeTarget "DataPopulation" */ = {
			isa = XCConfigurationList;
			buildConfigurations = (
				6E6906282CAB3DDA002EC18B /* Debug */,
				6E6906292CAB3DDA002EC18B /* Release */,
			);
			defaultConfigurationIsVisible = 0;
			defaultConfigurationName = Release;
		};
		6E69062C2CAB3DDA002EC18B /* Build configuration list for PBXNativeTarget "DataPopulationTests" */ = {
			isa = XCConfigurationList;
			buildConfigurations = (
				6E69062D2CAB3DDA002EC18B /* Debug */,
				6E69062E2CAB3DDA002EC18B /* Release */,
			);
			defaultConfigurationIsVisible = 0;
			defaultConfigurationName = Release;
		};
		6E69062F2CAB3DDA002EC18B /* Build configuration list for PBXNativeTarget "DataPopulationUITests" */ = {
			isa = XCConfigurationList;
			buildConfigurations = (
				6E6906302CAB3DDA002EC18B /* Debug */,
				6E6906312CAB3DDA002EC18B /* Release */,
			);
			defaultConfigurationIsVisible = 0;
			defaultConfigurationName = Release;
		};
/* End XCConfigurationList section */
	};
	rootObject = 6E6905F62CAB3DD9002EC18B /* Project object */;
}
